
Microsoft Visual Studio Solution File, Format Version 12.00
# Visual Studio Version 17
VisualStudioVersion = 17.4.33110.190
MinimumVisualStudioVersion = 10.0.40219.1
Project("{FAE04EC0-301F-11D3-BF4B-00C04F79EFBC}") = "WpfApp2", "WpfApp2\WpfApp2.csproj", "{FDACE08A-8E61-43FB-8809-456F2C8D5494}"
EndProject
Global
	GlobalSection(SolutionConfigurationPlatforms) = preSolution
		Debug|Any CPU = Debug|Any CPU
		Release|Any CPU = Release|Any CPU
	EndGlobalSection
	GlobalSection(ProjectConfigurationPlatforms) = postSolution
		{FDACE08A-8E61-43FB-8809-456F2C8D5494}.Debug|Any CPU.ActiveCfg = Debug|Any CPU
		{FDACE08A-8E61-43FB-8809-456F2C8D5494}.Debug|Any CPU.Build.0 = Debug|Any CPU
		{FDACE08A-8E61-43FB-8809-456F2C8D5494}.Release|Any CPU.ActiveCfg = Release|Any CPU
		{FDACE08A-8E61-43FB-8809-456F2C8D5494}.Release|Any CPU.Build.0 = Release|Any CPU
	EndGlobalSection
	GlobalSection(SolutionProperties) = preSolution
		HideSolutionNode = FALSE
	EndGlobalSection
	GlobalSection(ExtensibilityGlobals) = postSolution
		SolutionGuid = {FC59CA7D-AFA0-4E1D-99B9-68EE28D12740}
	EndGlobalSection
EndGlobal
